# @generated - this file is auto-generated by `mise lock` https://mise.en.dev/dev-tools/mise-lock.html

[[tools.aube]]
version = "2.2.0"
backend = "aqua:jdx/aube"

[tools.aube."platforms.linux-arm64"]
checksum = "sha256:cbfb10e58297f6b352b7722af7d069a10a991a2ec6589f2b7a9c017d14d9926e"
url = "https://github.com/jdx/aube/releases/download/v2.2.0/aube-v2.2.0-aarch64-unknown-linux-gnu.tar.gz"
url_api = "https://api.github.com/repos/jdx/aube/releases/assets/529737048"
provenance = "github-attestations"

[tools.aube."platforms.linux-arm64-musl"]
checksum = "sha256:115adfa9ba0b138f7d54c10ea8a9741d1cd1854c07306320796406d5a83375c1"
url = "https://github.com/jdx/aube/releases/download/v2.2.0/aube-v2.2.0-aarch64-unknown-linux-musl.tar.gz"
url_api = "https://api.github.com/repos/jdx/aube/releases/assets/529705095"
provenance = "github-attestations"

[tools.aube."platforms.linux-x64"]
checksum = "sha256:5d8b91f772712e6f971a2e15a52dcc392acbb21782fbb532124588deb647656b"
url = "https://github.com/jdx/aube/releases/download/v2.2.0/aube-v2.2.0-x86_64-unknown-linux-gnu.tar.gz"
url_api = "https://api.github.com/repos/jdx/aube/releases/assets/529716822"
provenance = "github-attestations"

[tools.aube."platforms.linux-x64-musl"]
checksum = "sha256:3f01b75136705709cda862ae29c059dedf52341b2bb95359f61c2b72b03f9fc8"
url = "https://github.com/jdx/aube/releases/download/v2.2.0/aube-v2.2.0-x86_64-unknown-linux-musl.tar.gz"
url_api = "https://api.github.com/repos/jdx/aube/releases/assets/529714460"
provenance = "github-attestations"

[tools.aube."platforms.macos-arm64"]
checksum = "sha256:702de7f549cef800a1f35900e638ea4fbe07bce854f234cef869cd5442484c90"
url = "https://github.com/jdx/aube/releases/download/v2.2.0/aube-v2.2.0-aarch64-apple-darwin.tar.gz"
url_api = "https://api.github.com/repos/jdx/aube/releases/assets/529761660"
provenance = "github-attestations"

[tools.aube."platforms.windows-x64"]
checksum = "sha256:2d68e3e995c336486647034eb8b99c3cfa68894e385a44200af2bc14bc4064cf"
url = "https://github.com/jdx/aube/releases/download/v2.2.0/aube-v2.2.0-x86_64-pc-windows-msvc.zip"
url_api = "https://api.github.com/repos/jdx/aube/releases/assets/529724125"
provenance = "github-attestations"

[[tools.node]]
version = "26.7.0"
backend = "core:node"

[tools.node."platforms.linux-arm64"]
checksum = "sha256:925aa6157dd37542d0d7f2e28b7bf61e7b39284411210b0498bc3788db4aef68"
url = "https://nodejs.org/dist/v26.7.0/node-v26.7.0-linux-arm64.tar.gz"

[tools.node."platforms.linux-arm64-musl"]
checksum = "sha256:e650560ab1ecec0eb5845b43b87d6024c87b4e143c3e044cbb607cc135dbaadb"
url = "https://unofficial-builds.nodejs.org/download/release/v26.7.0/node-v26.7.0-linux-arm64-musl.tar.gz"

[tools.node."platforms.linux-x64"]
checksum = "sha256:bd6b6c31e377bad9ad579bed72e5bc11f4c879ac9452ad51d30e646ea3d828df"
url = "https://nodejs.org/dist/v26.7.0/node-v26.7.0-linux-x64.tar.gz"

[tools.node."platforms.linux-x64-musl"]
checksum = "sha256:84fc4e29e5f86022a40bac50a28a1b9275dd1f32eebbf4db499e2573ff822124"
url = "https://unofficial-builds.nodejs.org/download/release/v26.7.0/node-v26.7.0-linux-x64-musl.tar.gz"

[tools.node."platforms.macos-arm64"]
checksum = "sha256:7ee659a7768e641bbfd5360940660b8e8fd0052f77488f365562bac522fc15d4"
url = "https://nodejs.org/dist/v26.7.0/node-v26.7.0-darwin-arm64.tar.gz"

[tools.node."platforms.macos-x64"]
checksum = "sha256:f279d1ed28ce57f7788bf23435d2ad7fdd7438904ad5c4d8a1081a7cde3d4b96"
url = "https://nodejs.org/dist/v26.7.0/node-v26.7.0-darwin-x64.tar.gz"

[tools.node."platforms.windows-x64"]
checksum = "sha256:d3bd72755141ed32bbcd841228ee81897c8a98d50dfa7dae2179399a0a7c90f8"
url = "https://nodejs.org/dist/v26.7.0/node-v26.7.0-win-x64.zip"

[[tools.oxfmt]]
version = "0.65.0"
backend = "npm:oxfmt"

[[tools.zola]]
version = "0.23.4"
backend = "aqua:getzola/zola"

[tools.zola."platforms.linux-arm64"]
checksum = "sha256:21bb37a4f3bbac663cf8f04df9b51ac6bc154acfe2cf2c3e9ea162b4951487b6"
url = "https://github.com/getzola/zola/releases/download/v0.23.4/zola-v0.23.4-aarch64-unknown-linux-gnu.tar.gz"
url_api = "https://api.github.com/repos/getzola/zola/releases/assets/522506503"
provenance = "github-attestations"

[tools.zola."platforms.linux-arm64-musl"]
provenance = "github-attestations"

[tools.zola."platforms.linux-x64"]
checksum = "sha256:54d1a347781b2f32330914fcc02def81c7e3ddb6111b36d1cc89c06557aed1de"
url = "https://github.com/getzola/zola/releases/download/v0.23.4/zola-v0.23.4-x86_64-unknown-linux-gnu.tar.gz"
url_api = "https://api.github.com/repos/getzola/zola/releases/assets/522506497"
provenance = "github-attestations"

[tools.zola."platforms.linux-x64-musl"]
checksum = "sha256:d99c51302ebbf909a0d83d4319d4d745b56a93dc49c4a69878c0f0dcaa4c8531"
url = "https://github.com/getzola/zola/releases/download/v0.23.4/zola-v0.23.4-x86_64-unknown-linux-musl.tar.gz"
url_api = "https://api.github.com/repos/getzola/zola/releases/assets/522506493"
provenance = "github-attestations"

[tools.zola."platforms.macos-arm64"]
checksum = "sha256:303b8e1f3251a6250e47f811eda143316f653c22201faa66777d48ac499c0ee3"
url = "https://github.com/getzola/zola/releases/download/v0.23.4/zola-v0.23.4-aarch64-apple-darwin.tar.gz"
url_api = "https://api.github.com/repos/getzola/zola/releases/assets/522506499"
provenance = "github-attestations"

[tools.zola."platforms.macos-x64"]
checksum = "sha256:e79edcba2e8d03d22065c9cb8fa2e3abf07b823ef17f00abdc060188dceabba7"
url = "https://github.com/getzola/zola/releases/download/v0.23.4/zola-v0.23.4-x86_64-apple-darwin.tar.gz"
url_api = "https://api.github.com/repos/getzola/zola/releases/assets/522506506"
provenance = "github-attestations"

[tools.zola."platforms.windows-x64"]
checksum = "sha256:dc839498e27b631f60fd5e1527935198b7f002eb09b8446a1e2913a8fa386925"
url = "https://github.com/getzola/zola/releases/download/v0.23.4/zola-v0.23.4-x86_64-pc-windows-msvc.zip"
url_api = "https://api.github.com/repos/getzola/zola/releases/assets/522506492"
provenance = "github-attestations"
