# @generated - this file is auto-generated by `mise lock` https://mise.en.dev/dev-tools/mise-lock.html

[[tools.aube]]
version = "1.18.0"
backend = "aqua:jdx/aube"

[tools.aube."platforms.linux-arm64"]
checksum = "sha256:e7881daae7b5704a68bef2c1d25740f5b808f982a9013e99625910fa72c7e04c"
url = "https://github.com/jdx/aube/releases/download/v1.18.0/aube-v1.18.0-aarch64-unknown-linux-gnu.tar.gz"
url_api = "https://api.github.com/repos/jdx/aube/releases/assets/438543417"

[tools.aube."platforms.linux-arm64-musl"]
checksum = "sha256:ed39261b679c9b96cedc0e64744e66c5080247a1d34a6cf2669c40cce8956309"
url = "https://github.com/jdx/aube/releases/download/v1.18.0/aube-v1.18.0-aarch64-unknown-linux-musl.tar.gz"
url_api = "https://api.github.com/repos/jdx/aube/releases/assets/438516230"

[tools.aube."platforms.linux-x64"]
checksum = "sha256:20b158c2439087267c95451dcc5feba13cfd1045b7a108e41a85c779bebbe1da"
url = "https://github.com/jdx/aube/releases/download/v1.18.0/aube-v1.18.0-x86_64-unknown-linux-gnu.tar.gz"
url_api = "https://api.github.com/repos/jdx/aube/releases/assets/438526121"

[tools.aube."platforms.linux-x64-musl"]
checksum = "sha256:d4ef67a858817fd0e158aa4022787b079f4af566eebce7914bdd7eaf0cc803c1"
url = "https://github.com/jdx/aube/releases/download/v1.18.0/aube-v1.18.0-x86_64-unknown-linux-musl.tar.gz"
url_api = "https://api.github.com/repos/jdx/aube/releases/assets/438522827"

[tools.aube."platforms.macos-arm64"]
checksum = "sha256:0d050f30ff4f80c2fe4bbba106a7c439b7d79702c923ee95502695d8a910a600"
url = "https://github.com/jdx/aube/releases/download/v1.18.0/aube-v1.18.0-aarch64-apple-darwin.tar.gz"
url_api = "https://api.github.com/repos/jdx/aube/releases/assets/438568960"

[tools.aube."platforms.windows-x64"]
checksum = "sha256:ddc94d1cf21c14d675271761a7837193a23869f719a9cf57149807525e6b8620"
url = "https://github.com/jdx/aube/releases/download/v1.18.0/aube-v1.18.0-x86_64-pc-windows-msvc.zip"
url_api = "https://api.github.com/repos/jdx/aube/releases/assets/438529280"

[[tools.node]]
version = "24.15.0"
backend = "asdf:node"

[tools.node."platforms.linux-arm64"]
checksum = "sha256:73afc234d558c24919875f51c2d1ea002a2ada4ea6f83601a383869fefa64eed"
url = "https://nodejs.org/dist/v24.15.0/node-v24.15.0-linux-arm64.tar.gz"

[tools.node."platforms.linux-arm64-musl"]
checksum = "sha256:31e98aa960a067da91edffd5d93bc46657b5d2a8029612c359f5f2ac0060152a"
url = "https://unofficial-builds.nodejs.org/download/release/v24.15.0/node-v24.15.0-linux-arm64-musl.tar.gz"

[tools.node."platforms.linux-x64"]
checksum = "sha256:44836872d9aec49f1e6b52a9a922872db9a2b02d235a616a5681b6a85fec8d89"
url = "https://nodejs.org/dist/v24.15.0/node-v24.15.0-linux-x64.tar.gz"

[tools.node."platforms.linux-x64-musl"]
checksum = "sha256:f55af5bd489c5347b113ca6594cae00a54b30ba57ac5875324311bfc6f4762e3"
url = "https://unofficial-builds.nodejs.org/download/release/v24.15.0/node-v24.15.0-linux-x64-musl.tar.gz"

[tools.node."platforms.macos-arm64"]
checksum = "sha256:372331b969779ab5d15b949884fc6eaf88d5afe87bde8ba881d6400b9100ffc4"
url = "https://nodejs.org/dist/v24.15.0/node-v24.15.0-darwin-arm64.tar.gz"

[tools.node."platforms.macos-x64"]
checksum = "sha256:ffd5ee293467927f3ee731a553eb88fd1f48cf74eebc2d74a6babe4af228673b"
url = "https://nodejs.org/dist/v24.15.0/node-v24.15.0-darwin-x64.tar.gz"

[tools.node."platforms.windows-x64"]
checksum = "sha256:cc5149eabd53779ce1e7bdc5401643622d0c7e6800ade18928a767e940bb0e62"
url = "https://nodejs.org/dist/v24.15.0/node-v24.15.0-win-x64.zip"

[[tools.oxfmt]]
version = "0.53.0"
backend = "npm:oxfmt"

[[tools.zola]]
version = "0.22.1"
backend = "aqua:getzola/zola"

[tools.zola."platforms.linux-arm64"]
checksum = "sha256:8af437ec6352f33ccd24d7a1cfcb54a3db95d3ce376dc69525b4ef3fb6b8c1d1"
url = "https://github.com/getzola/zola/releases/download/v0.22.1/zola-v0.22.1-aarch64-unknown-linux-gnu.tar.gz"
provenance = "github-attestations"

[tools.zola."platforms.linux-arm64-musl"]
provenance = "github-attestations"

[tools.zola."platforms.linux-x64"]
checksum = "sha256:0ca09aa40376aaa9ddfb512ff9ad963262ef95edb0d0f2d5ec6961b6f5cf22ef"
url = "https://github.com/getzola/zola/releases/download/v0.22.1/zola-v0.22.1-x86_64-unknown-linux-gnu.tar.gz"
provenance = "github-attestations"

[tools.zola."platforms.linux-x64-musl"]
checksum = "sha256:227df99b664421240a8ba77747067c51259b08159125d5603763b3b173b9a881"
url = "https://github.com/getzola/zola/releases/download/v0.22.1/zola-v0.22.1-x86_64-unknown-linux-musl.tar.gz"
provenance = "github-attestations"

[tools.zola."platforms.macos-arm64"]
checksum = "sha256:46ac45a9e7628dba8593b124ee8794f4f9aa1c6b569918ecd4bbc5d0be190515"
url = "https://github.com/getzola/zola/releases/download/v0.22.1/zola-v0.22.1-aarch64-apple-darwin.tar.gz"
provenance = "github-attestations"

[tools.zola."platforms.macos-x64"]
checksum = "sha256:3898709e154ae0593933264a540c869348bdb10d7f1b03a42dfb78d63703b3b5"
url = "https://github.com/getzola/zola/releases/download/v0.22.1/zola-v0.22.1-x86_64-apple-darwin.tar.gz"
provenance = "github-attestations"

[tools.zola."platforms.windows-x64"]
checksum = "sha256:2c8b368f5abdf2b2478748f9549a761fd6599238e18948eccb76a7cae51f5dc1"
url = "https://github.com/getzola/zola/releases/download/v0.22.1/zola-v0.22.1-x86_64-pc-windows-msvc.zip"
provenance = "github-attestations"
