# @generated - this file is auto-generated by `mise lock` https://mise.en.dev/dev-tools/mise-lock.html

[[tools.aube]]
version = "1.41.0"
backend = "aqua:jdx/aube"

[tools.aube."platforms.linux-arm64"]
checksum = "sha256:012b0da68e9e285aee1564178b2a668f4d79eac9b40868112674ff03c2cdfe22"
url = "https://github.com/jdx/aube/releases/download/v1.41.0/aube-v1.41.0-aarch64-unknown-linux-gnu.tar.gz"
url_api = "https://api.github.com/repos/jdx/aube/releases/assets/517186261"
provenance = "github-attestations"

[tools.aube."platforms.linux-arm64-musl"]
checksum = "sha256:5a2e5afb02759abad7f56e083c7e2fa2b0ae841f3669cbcf5add42ca5846821f"
url = "https://github.com/jdx/aube/releases/download/v1.41.0/aube-v1.41.0-aarch64-unknown-linux-musl.tar.gz"
url_api = "https://api.github.com/repos/jdx/aube/releases/assets/517161124"
provenance = "github-attestations"

[tools.aube."platforms.linux-x64"]
checksum = "sha256:965ae6a487c3e280206afb93649e721387dbbba168567f02e2fa5c797c450c2b"
url = "https://github.com/jdx/aube/releases/download/v1.41.0/aube-v1.41.0-x86_64-unknown-linux-gnu.tar.gz"
url_api = "https://api.github.com/repos/jdx/aube/releases/assets/517166989"
provenance = "github-attestations"

[tools.aube."platforms.linux-x64-musl"]
checksum = "sha256:7955ddee163f64e9e4348200bb777c0f83fa596410de75e1ea5dd43d4b3fe7f1"
url = "https://github.com/jdx/aube/releases/download/v1.41.0/aube-v1.41.0-x86_64-unknown-linux-musl.tar.gz"
url_api = "https://api.github.com/repos/jdx/aube/releases/assets/517165326"
provenance = "github-attestations"

[tools.aube."platforms.macos-arm64"]
checksum = "sha256:635720a45125b3cc8afb2979c9a18ed484deecfc91938e9d941e278f529e87e1"
url = "https://github.com/jdx/aube/releases/download/v1.41.0/aube-v1.41.0-aarch64-apple-darwin.tar.gz"
url_api = "https://api.github.com/repos/jdx/aube/releases/assets/517208780"
provenance = "github-attestations"

[tools.aube."platforms.windows-x64"]
checksum = "sha256:03e4d130262219c86d729001c3fc8c502198c60578360a4e8fba29a9564b89a4"
url = "https://github.com/jdx/aube/releases/download/v1.41.0/aube-v1.41.0-x86_64-pc-windows-msvc.zip"
url_api = "https://api.github.com/repos/jdx/aube/releases/assets/517175467"
provenance = "github-attestations"

[[tools.node]]
version = "26.7.0"
backend = "core:node"

[tools.node."platforms.linux-arm64"]
checksum = "sha256:925aa6157dd37542d0d7f2e28b7bf61e7b39284411210b0498bc3788db4aef68"
url = "https://nodejs.org/dist/v26.7.0/node-v26.7.0-linux-arm64.tar.gz"

[tools.node."platforms.linux-arm64-musl"]
checksum = "sha256:1f16cc0f6febcb1bed1d4550306806dbcfbaf5c1bc2f44f3c5c8b5d22a4cc27a"
url = "https://unofficial-builds.nodejs.org/download/release/v26.7.0/node-v26.7.0-linux-arm64-musl.tar.gz"

[tools.node."platforms.linux-x64"]
checksum = "sha256:bd6b6c31e377bad9ad579bed72e5bc11f4c879ac9452ad51d30e646ea3d828df"
url = "https://nodejs.org/dist/v26.7.0/node-v26.7.0-linux-x64.tar.gz"

[tools.node."platforms.linux-x64-musl"]
checksum = "sha256:5dc0180e7684ede6fc9d9e6333da45686f4b5a7820729d33c68335b283337295"
url = "https://unofficial-builds.nodejs.org/download/release/v26.7.0/node-v26.7.0-linux-x64-musl.tar.gz"

[tools.node."platforms.macos-arm64"]
checksum = "sha256:7ee659a7768e641bbfd5360940660b8e8fd0052f77488f365562bac522fc15d4"
url = "https://nodejs.org/dist/v26.7.0/node-v26.7.0-darwin-arm64.tar.gz"

[tools.node."platforms.macos-x64"]
checksum = "sha256:f279d1ed28ce57f7788bf23435d2ad7fdd7438904ad5c4d8a1081a7cde3d4b96"
url = "https://nodejs.org/dist/v26.7.0/node-v26.7.0-darwin-x64.tar.gz"

[tools.node."platforms.windows-x64"]
checksum = "sha256:d3bd72755141ed32bbcd841228ee81897c8a98d50dfa7dae2179399a0a7c90f8"
url = "https://nodejs.org/dist/v26.7.0/node-v26.7.0-win-x64.zip"

[[tools.oxfmt]]
version = "0.64.0"
backend = "npm:oxfmt"

[[tools.zola]]
version = "0.23.4"
backend = "aqua:getzola/zola"

[tools.zola."platforms.linux-arm64"]
checksum = "sha256:21bb37a4f3bbac663cf8f04df9b51ac6bc154acfe2cf2c3e9ea162b4951487b6"
url = "https://github.com/getzola/zola/releases/download/v0.23.4/zola-v0.23.4-aarch64-unknown-linux-gnu.tar.gz"
url_api = "https://api.github.com/repos/getzola/zola/releases/assets/522506503"
provenance = "github-attestations"

[tools.zola."platforms.linux-arm64-musl"]
provenance = "github-attestations"

[tools.zola."platforms.linux-x64"]
checksum = "sha256:54d1a347781b2f32330914fcc02def81c7e3ddb6111b36d1cc89c06557aed1de"
url = "https://github.com/getzola/zola/releases/download/v0.23.4/zola-v0.23.4-x86_64-unknown-linux-gnu.tar.gz"
url_api = "https://api.github.com/repos/getzola/zola/releases/assets/522506497"
provenance = "github-attestations"

[tools.zola."platforms.linux-x64-musl"]
checksum = "sha256:d99c51302ebbf909a0d83d4319d4d745b56a93dc49c4a69878c0f0dcaa4c8531"
url = "https://github.com/getzola/zola/releases/download/v0.23.4/zola-v0.23.4-x86_64-unknown-linux-musl.tar.gz"
url_api = "https://api.github.com/repos/getzola/zola/releases/assets/522506493"
provenance = "github-attestations"

[tools.zola."platforms.macos-arm64"]
checksum = "sha256:303b8e1f3251a6250e47f811eda143316f653c22201faa66777d48ac499c0ee3"
url = "https://github.com/getzola/zola/releases/download/v0.23.4/zola-v0.23.4-aarch64-apple-darwin.tar.gz"
url_api = "https://api.github.com/repos/getzola/zola/releases/assets/522506499"
provenance = "github-attestations"

[tools.zola."platforms.macos-x64"]
checksum = "sha256:e79edcba2e8d03d22065c9cb8fa2e3abf07b823ef17f00abdc060188dceabba7"
url = "https://github.com/getzola/zola/releases/download/v0.23.4/zola-v0.23.4-x86_64-apple-darwin.tar.gz"
url_api = "https://api.github.com/repos/getzola/zola/releases/assets/522506506"
provenance = "github-attestations"

[tools.zola."platforms.windows-x64"]
checksum = "sha256:dc839498e27b631f60fd5e1527935198b7f002eb09b8446a1e2913a8fa386925"
url = "https://github.com/getzola/zola/releases/download/v0.23.4/zola-v0.23.4-x86_64-pc-windows-msvc.zip"
url_api = "https://api.github.com/repos/getzola/zola/releases/assets/522506492"
provenance = "github-attestations"
